<?xml version="1.0" encoding="utf-8"?>
<Project ToolsVersion="4.0" xmlns="http://schemas.microsoft.com/developer/msbuild/2003">
  <ItemGroup>
    <Filter Include="Source Files">
      <UniqueIdentifier>{4FC737F1-C7A5-4376-A066-2A32D752A2FF}</UniqueIdentifier>
      <Extensions>cpp;c;cc;cxx;def;odl;idl;hpj;bat;asm;asmx</Extensions>
    </Filter>
    <Filter Include="Header Files">
      <UniqueIdentifier>{93995380-89BD-4b04-88EB-625FBE52EBFB}</UniqueIdentifier>
      <Extensions>h;hh;hpp;hxx;hm;inl;inc;ipp;xsd</Extensions>
    </Filter>
    <Filter Include="Resource Files">
      <UniqueIdentifier>{67DA6AB6-F800-4c08-8B7A-83BB121AAD01}</UniqueIdentifier>
      <Extensions>rc;ico;cur;bmp;dlg;rc2;rct;bin;rgs;gif;jpg;jpeg;jpe;resx;tiff;tif;png;wav;mfcribbon-ms</Extensions>
    </Filter>
    <Filter Include="Resource Files\design">
      <UniqueIdentifier>{a4d0845d-81fc-4b69-b516-43ff9cdbf977}</UniqueIdentifier>
    </Filter>
  </ItemGroup>
  <ItemGroup>
    <ClCompile Include="pink.cpp">
      <Filter>Source Files</Filter>
    </ClCompile>
    <ClCompile Include="lexer.cpp">
      <Filter>Source Files</Filter>
    </ClCompile>
    <ClCompile Include="parser.cpp">
      <Filter>Source Files</Filter>
    </ClCompile>
    <ClCompile Include="token.cpp">
      <Filter>Source Files</Filter>
    </ClCompile>
    <ClCompile Include="utilities.cpp">
      <Filter>Source Files</Filter>
    </ClCompile>
    <ClCompile Include="semantic_analysis.cpp">
      <Filter>Source Files</Filter>
    </ClCompile>
    <ClCompile Include="testing.cpp">
      <Filter>Source Files</Filter>
    </ClCompile>
    <ClCompile Include="ast.cpp">
      <Filter>Source Files</Filter>
    </ClCompile>
    <ClCompile Include="type.cpp">
      <Filter>Source Files</Filter>
    </ClCompile>
  </ItemGroup>
  <ItemGroup>
    <Text Include="pink_examples.txt">
      <Filter>Resource Files</Filter>
    </Text>
    <Text Include="pink_grammar_v3.txt">
      <Filter>Resource Files</Filter>
    </Text>
    <Text Include="c_grammar.txt">
      <Filter>Resource Files</Filter>
    </Text>
    <Text Include="pink_grammar.txt">
      <Filter>Resource Files</Filter>
    </Text>
    <Text Include="test_lexer.txt">
      <Filter>Resource Files</Filter>
    </Text>
    <Text Include="test_parser.txt">
      <Filter>Resource Files</Filter>
    </Text>
    <Text Include="pink_grammar_v4.txt">
      <Filter>Resource Files</Filter>
    </Text>
    <Text Include="TODO.txt">
      <Filter>Resource Files</Filter>
    </Text>
    <Text Include="pink_grammar_v5.txt">
      <Filter>Resource Files</Filter>
    </Text>
    <Text Include="scratch.txt">
      <Filter>Resource Files</Filter>
    </Text>
    <Text Include="grammar_v6.txt">
      <Filter>Resource Files</Filter>
    </Text>
    <Text Include="grammar.txt">
      <Filter>Resource Files</Filter>
    </Text>
    <Text Include="design-thoughts.txt">
      <Filter>Resource Files\design</Filter>
    </Text>
    <Text Include="implementation-grammar.txt">
      <Filter>Resource Files\design</Filter>
    </Text>
    <Text Include="pink_design.txt">
      <Filter>Resource Files\design</Filter>
    </Text>
    <Text Include="pink_polymorphism.txt">
      <Filter>Resource Files\design</Filter>
    </Text>
    <Text Include="pink_type_system.txt">
      <Filter>Resource Files\design</Filter>
    </Text>
    <Text Include="pink-feature-set.txt">
      <Filter>Resource Files\design</Filter>
    </Text>
    <Text Include="pink-pink%27-design-space-and-basis.txt">
      <Filter>Resource Files\design</Filter>
    </Text>
    <Text Include="c_biopsy.txt">
      <Filter>Resource Files\design</Filter>
    </Text>
    <Text Include="Grammar_v7.txt">
      <Filter>Resource Files</Filter>
    </Text>
    <Text Include="design-thoughts-cont.txt">
      <Filter>Resource Files\design</Filter>
    </Text>
    <Text Include="talking_about_abstraction.txt">
      <Filter>Resource Files\design</Filter>
    </Text>
    <Text Include="thoughts_about_the_system_layer.txt">
      <Filter>Resource Files\design</Filter>
    </Text>
    <Text Include="syntax-and-semantics-exploration.txt">
      <Filter>Resource Files\design</Filter>
    </Text>
  </ItemGroup>
  <ItemGroup>
    <ClInclude Include="pink_type.h">
      <Filter>Resource Files</Filter>
    </ClInclude>
    <ClInclude Include="token.h">
      <Filter>Header Files</Filter>
    </ClInclude>
    <ClInclude Include="lexer.h">
      <Filter>Header Files</Filter>
    </ClInclude>
    <ClInclude Include="parser.h">
      <Filter>Header Files</Filter>
    </ClInclude>
    <ClInclude Include="ast.h">
      <Filter>Header Files</Filter>
    </ClInclude>
    <ClInclude Include="type.h">
      <Filter>Header Files</Filter>
    </ClInclude>
    <ClInclude Include="error.h">
      <Filter>Header Files</Filter>
    </ClInclude>
    <ClInclude Include="utilities.h">
      <Filter>Header Files</Filter>
    </ClInclude>
    <ClInclude Include="semantic_analysis.h">
      <Filter>Header Files</Filter>
    </ClInclude>
    <ClInclude Include="testing.h">
      <Filter>Header Files</Filter>
    </ClInclude>
    <ClInclude Include="attributes.h">
      <Filter>Header Files</Filter>
    </ClInclude>
    <ClInclude Include="symset.h">
      <Filter>Header Files</Filter>
    </ClInclude>
    <ClInclude Include="Entity.h">
      <Filter>Header Files</Filter>
    </ClInclude>
    <ClInclude Include="pink_ast.h">
      <Filter>Header Files</Filter>
    </ClInclude>
  </ItemGroup>
</Project>